
Microsoft Visual Studio Solution File, Format Version 12.00
# Visual Studio Version 17
VisualStudioVersion = 17.0.31903.59
MinimumVisualStudioVersion = 10.0.40219.1
Project("{9A19103F-16F7-4668-BE54-9A1E7A4F7556}") = "Mau.Contracts", "Mau.Contracts\Mau.Contracts.csproj", "{A0000001-0000-0000-0000-000000000001}"
EndProject
Project("{9A19103F-16F7-4668-BE54-9A1E7A4F7556}") = "Mau.Runtime", "Mau.Runtime\Mau.Runtime.csproj", "{A0000002-0000-0000-0000-000000000002}"
EndProject
Project("{9A19103F-16F7-4668-BE54-9A1E7A4F7556}") = "Mau.Translator", "Mau.Translator\Mau.Translator.csproj", "{A0000003-0000-0000-0000-000000000003}"
EndProject
Project("{9A19103F-16F7-4668-BE54-9A1E7A4F7556}") = "Mau.Bricks.Standard", "Mau.Bricks.Standard\Mau.Bricks.Standard.csproj", "{A0000004-0000-0000-0000-000000000004}"
EndProject
Project("{9A19103F-16F7-4668-BE54-9A1E7A4F7556}") = "Mau.Cli", "Mau.Cli\Mau.Cli.csproj", "{A0000005-0000-0000-0000-000000000005}"
EndProject
Project("{9A19103F-16F7-4668-BE54-9A1E7A4F7556}") = "Mau.Contracts.Tests", "Mau.Contracts.Tests\Mau.Contracts.Tests.csproj", "{A0000006-0000-0000-0000-000000000006}"
EndProject
Project("{9A19103F-16F7-4668-BE54-9A1E7A4F7556}") = "Mau.Runtime.Tests", "Mau.Runtime.Tests\Mau.Runtime.Tests.csproj", "{A0000007-0000-0000-0000-000000000007}"
EndProject
Project("{9A19103F-16F7-4668-BE54-9A1E7A4F7556}") = "Mau.Translator.Tests", "Mau.Translator.Tests\Mau.Translator.Tests.csproj", "{A0000008-0000-0000-0000-000000000008}"
EndProject
Project("{9A19103F-16F7-4668-BE54-9A1E7A4F7556}") = "Mau.Bricks.Tests", "Mau.Bricks.Tests\Mau.Bricks.Tests.csproj", "{A0000009-0000-0000-0000-000000000009}"
EndProject
Project("{9A19103F-16F7-4668-BE54-9A1E7A4F7556}") = "Mau.E2E", "Mau.E2E\Mau.E2E.csproj", "{A000000A-0000-0000-0000-00000000000A}"
EndProject
Project("{9A19103F-16F7-4668-BE54-9A1E7A4F7556}") = "Mau.Host", "Mau.Host\Mau.Host.csproj", "{A000000B-0000-0000-0000-00000000000B}"
EndProject
Project("{FAE04EC0-301F-11D3-BF4B-00C04F79EFBC}") = "Mau.Observer", "Mau.Observer\Mau.Observer.csproj", "{19FF3876-BA71-4EB6-86AF-D80A052803D6}"
EndProject
Global
	GlobalSection(SolutionConfigurationPlatforms) = preSolution
		Debug|Any CPU = Debug|Any CPU
		Debug|x64 = Debug|x64
		Debug|x86 = Debug|x86
		Release|Any CPU = Release|Any CPU
		Release|x64 = Release|x64
		Release|x86 = Release|x86
	EndGlobalSection
	GlobalSection(ProjectConfigurationPlatforms) = postSolution
		{A0000001-0000-0000-0000-000000000001}.Debug|Any CPU.ActiveCfg = Debug|Any CPU
		{A0000001-0000-0000-0000-000000000001}.Debug|Any CPU.Build.0 = Debug|Any CPU
		{A0000001-0000-0000-0000-000000000001}.Debug|x64.ActiveCfg = Debug|Any CPU
		{A0000001-0000-0000-0000-000000000001}.Debug|x64.Build.0 = Debug|Any CPU
		{A0000001-0000-0000-0000-000000000001}.Debug|x86.ActiveCfg = Debug|Any CPU
		{A0000001-0000-0000-0000-000000000001}.Debug|x86.Build.0 = Debug|Any CPU
		{A0000001-0000-0000-0000-000000000001}.Release|Any CPU.ActiveCfg = Release|Any CPU
		{A0000001-0000-0000-0000-000000000001}.Release|Any CPU.Build.0 = Release|Any CPU
		{A0000001-0000-0000-0000-000000000001}.Release|x64.ActiveCfg = Release|Any CPU
		{A0000001-0000-0000-0000-000000000001}.Release|x64.Build.0 = Release|Any CPU
		{A0000001-0000-0000-0000-000000000001}.Release|x86.ActiveCfg = Release|Any CPU
		{A0000001-0000-0000-0000-000000000001}.Release|x86.Build.0 = Release|Any CPU
		{A0000002-0000-0000-0000-000000000002}.Debug|Any CPU.ActiveCfg = Debug|Any CPU
		{A0000002-0000-0000-0000-000000000002}.Debug|Any CPU.Build.0 = Debug|Any CPU
		{A0000002-0000-0000-0000-000000000002}.Debug|x64.ActiveCfg = Debug|Any CPU
		{A0000002-0000-0000-0000-000000000002}.Debug|x64.Build.0 = Debug|Any CPU
		{A0000002-0000-0000-0000-000000000002}.Debug|x86.ActiveCfg = Debug|Any CPU
		{A0000002-0000-0000-0000-000000000002}.Debug|x86.Build.0 = Debug|Any CPU
		{A0000002-0000-0000-0000-000000000002}.Release|Any CPU.ActiveCfg = Release|Any CPU
		{A0000002-0000-0000-0000-000000000002}.Release|Any CPU.Build.0 = Release|Any CPU
		{A0000002-0000-0000-0000-000000000002}.Release|x64.ActiveCfg = Release|Any CPU
		{A0000002-0000-0000-0000-000000000002}.Release|x64.Build.0 = Release|Any CPU
		{A0000002-0000-0000-0000-000000000002}.Release|x86.ActiveCfg = Release|Any CPU
		{A0000002-0000-0000-0000-000000000002}.Release|x86.Build.0 = Release|Any CPU
		{A0000003-0000-0000-0000-000000000003}.Debug|Any CPU.ActiveCfg = Debug|Any CPU
		{A0000003-0000-0000-0000-000000000003}.Debug|Any CPU.Build.0 = Debug|Any CPU
		{A0000003-0000-0000-0000-000000000003}.Debug|x64.ActiveCfg = Debug|Any CPU
		{A0000003-0000-0000-0000-000000000003}.Debug|x64.Build.0 = Debug|Any CPU
		{A0000003-0000-0000-0000-000000000003}.Debug|x86.ActiveCfg = Debug|Any CPU
		{A0000003-0000-0000-0000-000000000003}.Debug|x86.Build.0 = Debug|Any CPU
		{A0000003-0000-0000-0000-000000000003}.Release|Any CPU.ActiveCfg = Release|Any CPU
		{A0000003-0000-0000-0000-000000000003}.Release|Any CPU.Build.0 = Release|Any CPU
		{A0000003-0000-0000-0000-000000000003}.Release|x64.ActiveCfg = Release|Any CPU
		{A0000003-0000-0000-0000-000000000003}.Release|x64.Build.0 = Release|Any CPU
		{A0000003-0000-0000-0000-000000000003}.Release|x86.ActiveCfg = Release|Any CPU
		{A0000003-0000-0000-0000-000000000003}.Release|x86.Build.0 = Release|Any CPU
		{A0000004-0000-0000-0000-000000000004}.Debug|Any CPU.ActiveCfg = Debug|Any CPU
		{A0000004-0000-0000-0000-000000000004}.Debug|Any CPU.Build.0 = Debug|Any CPU
		{A0000004-0000-0000-0000-000000000004}.Debug|x64.ActiveCfg = Debug|Any CPU
		{A0000004-0000-0000-0000-000000000004}.Debug|x64.Build.0 = Debug|Any CPU
		{A0000004-0000-0000-0000-000000000004}.Debug|x86.ActiveCfg = Debug|Any CPU
		{A0000004-0000-0000-0000-000000000004}.Debug|x86.Build.0 = Debug|Any CPU
		{A0000004-0000-0000-0000-000000000004}.Release|Any CPU.ActiveCfg = Release|Any CPU
		{A0000004-0000-0000-0000-000000000004}.Release|Any CPU.Build.0 = Release|Any CPU
		{A0000004-0000-0000-0000-000000000004}.Release|x64.ActiveCfg = Release|Any CPU
		{A0000004-0000-0000-0000-000000000004}.Release|x64.Build.0 = Release|Any CPU
		{A0000004-0000-0000-0000-000000000004}.Release|x86.ActiveCfg = Release|Any CPU
		{A0000004-0000-0000-0000-000000000004}.Release|x86.Build.0 = Release|Any CPU
		{A0000005-0000-0000-0000-000000000005}.Debug|Any CPU.ActiveCfg = Debug|Any CPU
		{A0000005-0000-0000-0000-000000000005}.Debug|Any CPU.Build.0 = Debug|Any CPU
		{A0000005-0000-0000-0000-000000000005}.Debug|x64.ActiveCfg = Debug|Any CPU
		{A0000005-0000-0000-0000-000000000005}.Debug|x64.Build.0 = Debug|Any CPU
		{A0000005-0000-0000-0000-000000000005}.Debug|x86.ActiveCfg = Debug|Any CPU
		{A0000005-0000-0000-0000-000000000005}.Debug|x86.Build.0 = Debug|Any CPU
		{A0000005-0000-0000-0000-000000000005}.Release|Any CPU.ActiveCfg = Release|Any CPU
		{A0000005-0000-0000-0000-000000000005}.Release|Any CPU.Build.0 = Release|Any CPU
		{A0000005-0000-0000-0000-000000000005}.Release|x64.ActiveCfg = Release|Any CPU
		{A0000005-0000-0000-0000-000000000005}.Release|x64.Build.0 = Release|Any CPU
		{A0000005-0000-0000-0000-000000000005}.Release|x86.ActiveCfg = Release|Any CPU
		{A0000005-0000-0000-0000-000000000005}.Release|x86.Build.0 = Release|Any CPU
		{A0000006-0000-0000-0000-000000000006}.Debug|Any CPU.ActiveCfg = Debug|Any CPU
		{A0000006-0000-0000-0000-000000000006}.Debug|Any CPU.Build.0 = Debug|Any CPU
		{A0000006-0000-0000-0000-000000000006}.Debug|x64.ActiveCfg = Debug|Any CPU
		{A0000006-0000-0000-0000-000000000006}.Debug|x64.Build.0 = Debug|Any CPU
		{A0000006-0000-0000-0000-000000000006}.Debug|x86.ActiveCfg = Debug|Any CPU
		{A0000006-0000-0000-0000-000000000006}.Debug|x86.Build.0 = Debug|Any CPU
		{A0000006-0000-0000-0000-000000000006}.Release|Any CPU.ActiveCfg = Release|Any CPU
		{A0000006-0000-0000-0000-000000000006}.Release|Any CPU.Build.0 = Release|Any CPU
		{A0000006-0000-0000-0000-000000000006}.Release|x64.ActiveCfg = Release|Any CPU
		{A0000006-0000-0000-0000-000000000006}.Release|x64.Build.0 = Release|Any CPU
		{A0000006-0000-0000-0000-000000000006}.Release|x86.ActiveCfg = Release|Any CPU
		{A0000006-0000-0000-0000-000000000006}.Release|x86.Build.0 = Release|Any CPU
		{A0000007-0000-0000-0000-000000000007}.Debug|Any CPU.ActiveCfg = Debug|Any CPU
		{A0000007-0000-0000-0000-000000000007}.Debug|Any CPU.Build.0 = Debug|Any CPU
		{A0000007-0000-0000-0000-000000000007}.Debug|x64.ActiveCfg = Debug|Any CPU
		{A0000007-0000-0000-0000-000000000007}.Debug|x64.Build.0 = Debug|Any CPU
		{A0000007-0000-0000-0000-000000000007}.Debug|x86.ActiveCfg = Debug|Any CPU
		{A0000007-0000-0000-0000-000000000007}.Debug|x86.Build.0 = Debug|Any CPU
		{A0000007-0000-0000-0000-000000000007}.Release|Any CPU.ActiveCfg = Release|Any CPU
		{A0000007-0000-0000-0000-000000000007}.Release|Any CPU.Build.0 = Release|Any CPU
		{A0000007-0000-0000-0000-000000000007}.Release|x64.ActiveCfg = Release|Any CPU
		{A0000007-0000-0000-0000-000000000007}.Release|x64.Build.0 = Release|Any CPU
		{A0000007-0000-0000-0000-000000000007}.Release|x86.ActiveCfg = Release|Any CPU
		{A0000007-0000-0000-0000-000000000007}.Release|x86.Build.0 = Release|Any CPU
		{A0000008-0000-0000-0000-000000000008}.Debug|Any CPU.ActiveCfg = Debug|Any CPU
		{A0000008-0000-0000-0000-000000000008}.Debug|Any CPU.Build.0 = Debug|Any CPU
		{A0000008-0000-0000-0000-000000000008}.Debug|x64.ActiveCfg = Debug|Any CPU
		{A0000008-0000-0000-0000-000000000008}.Debug|x64.Build.0 = Debug|Any CPU
		{A0000008-0000-0000-0000-000000000008}.Debug|x86.ActiveCfg = Debug|Any CPU
		{A0000008-0000-0000-0000-000000000008}.Debug|x86.Build.0 = Debug|Any CPU
		{A0000008-0000-0000-0000-000000000008}.Release|Any CPU.ActiveCfg = Release|Any CPU
		{A0000008-0000-0000-0000-000000000008}.Release|Any CPU.Build.0 = Release|Any CPU
		{A0000008-0000-0000-0000-000000000008}.Release|x64.ActiveCfg = Release|Any CPU
		{A0000008-0000-0000-0000-000000000008}.Release|x64.Build.0 = Release|Any CPU
		{A0000008-0000-0000-0000-000000000008}.Release|x86.ActiveCfg = Release|Any CPU
		{A0000008-0000-0000-0000-000000000008}.Release|x86.Build.0 = Release|Any CPU
		{A0000009-0000-0000-0000-000000000009}.Debug|Any CPU.ActiveCfg = Debug|Any CPU
		{A0000009-0000-0000-0000-000000000009}.Debug|Any CPU.Build.0 = Debug|Any CPU
		{A0000009-0000-0000-0000-000000000009}.Debug|x64.ActiveCfg = Debug|Any CPU
		{A0000009-0000-0000-0000-000000000009}.Debug|x64.Build.0 = Debug|Any CPU
		{A0000009-0000-0000-0000-000000000009}.Debug|x86.ActiveCfg = Debug|Any CPU
		{A0000009-0000-0000-0000-000000000009}.Debug|x86.Build.0 = Debug|Any CPU
		{A0000009-0000-0000-0000-000000000009}.Release|Any CPU.ActiveCfg = Release|Any CPU
		{A0000009-0000-0000-0000-000000000009}.Release|Any CPU.Build.0 = Release|Any CPU
		{A0000009-0000-0000-0000-000000000009}.Release|x64.ActiveCfg = Release|Any CPU
		{A0000009-0000-0000-0000-000000000009}.Release|x64.Build.0 = Release|Any CPU
		{A0000009-0000-0000-0000-000000000009}.Release|x86.ActiveCfg = Release|Any CPU
		{A0000009-0000-0000-0000-000000000009}.Release|x86.Build.0 = Release|Any CPU
		{A000000A-0000-0000-0000-00000000000A}.Debug|Any CPU.ActiveCfg = Debug|Any CPU
		{A000000A-0000-0000-0000-00000000000A}.Debug|Any CPU.Build.0 = Debug|Any CPU
		{A000000A-0000-0000-0000-00000000000A}.Debug|x64.ActiveCfg = Debug|Any CPU
		{A000000A-0000-0000-0000-00000000000A}.Debug|x64.Build.0 = Debug|Any CPU
		{A000000A-0000-0000-0000-00000000000A}.Debug|x86.ActiveCfg = Debug|Any CPU
		{A000000A-0000-0000-0000-00000000000A}.Debug|x86.Build.0 = Debug|Any CPU
		{A000000A-0000-0000-0000-00000000000A}.Release|Any CPU.ActiveCfg = Release|Any CPU
		{A000000A-0000-0000-0000-00000000000A}.Release|Any CPU.Build.0 = Release|Any CPU
		{A000000A-0000-0000-0000-00000000000A}.Release|x64.ActiveCfg = Release|Any CPU
		{A000000A-0000-0000-0000-00000000000A}.Release|x64.Build.0 = Release|Any CPU
		{A000000A-0000-0000-0000-00000000000A}.Release|x86.ActiveCfg = Release|Any CPU
		{A000000A-0000-0000-0000-00000000000A}.Release|x86.Build.0 = Release|Any CPU
		{A000000B-0000-0000-0000-00000000000B}.Debug|Any CPU.ActiveCfg = Debug|Any CPU
		{A000000B-0000-0000-0000-00000000000B}.Debug|Any CPU.Build.0 = Debug|Any CPU
		{A000000B-0000-0000-0000-00000000000B}.Debug|x64.ActiveCfg = Debug|Any CPU
		{A000000B-0000-0000-0000-00000000000B}.Debug|x64.Build.0 = Debug|Any CPU
		{A000000B-0000-0000-0000-00000000000B}.Debug|x86.ActiveCfg = Debug|Any CPU
		{A000000B-0000-0000-0000-00000000000B}.Debug|x86.Build.0 = Debug|Any CPU
		{A000000B-0000-0000-0000-00000000000B}.Release|Any CPU.ActiveCfg = Release|Any CPU
		{A000000B-0000-0000-0000-00000000000B}.Release|Any CPU.Build.0 = Release|Any CPU
		{A000000B-0000-0000-0000-00000000000B}.Release|x64.ActiveCfg = Release|Any CPU
		{A000000B-0000-0000-0000-00000000000B}.Release|x64.Build.0 = Release|Any CPU
		{A000000B-0000-0000-0000-00000000000B}.Release|x86.ActiveCfg = Release|Any CPU
		{A000000B-0000-0000-0000-00000000000B}.Release|x86.Build.0 = Release|Any CPU
		{19FF3876-BA71-4EB6-86AF-D80A052803D6}.Debug|Any CPU.ActiveCfg = Debug|Any CPU
		{19FF3876-BA71-4EB6-86AF-D80A052803D6}.Debug|Any CPU.Build.0 = Debug|Any CPU
		{19FF3876-BA71-4EB6-86AF-D80A052803D6}.Debug|x64.ActiveCfg = Debug|Any CPU
		{19FF3876-BA71-4EB6-86AF-D80A052803D6}.Debug|x64.Build.0 = Debug|Any CPU
		{19FF3876-BA71-4EB6-86AF-D80A052803D6}.Debug|x86.ActiveCfg = Debug|Any CPU
		{19FF3876-BA71-4EB6-86AF-D80A052803D6}.Debug|x86.Build.0 = Debug|Any CPU
		{19FF3876-BA71-4EB6-86AF-D80A052803D6}.Release|Any CPU.ActiveCfg = Release|Any CPU
		{19FF3876-BA71-4EB6-86AF-D80A052803D6}.Release|Any CPU.Build.0 = Release|Any CPU
		{19FF3876-BA71-4EB6-86AF-D80A052803D6}.Release|x64.ActiveCfg = Release|Any CPU
		{19FF3876-BA71-4EB6-86AF-D80A052803D6}.Release|x64.Build.0 = Release|Any CPU
		{19FF3876-BA71-4EB6-86AF-D80A052803D6}.Release|x86.ActiveCfg = Release|Any CPU
		{19FF3876-BA71-4EB6-86AF-D80A052803D6}.Release|x86.Build.0 = Release|Any CPU
	EndGlobalSection
	GlobalSection(SolutionProperties) = preSolution
		HideSolutionNode = FALSE
	EndGlobalSection
EndGlobal
